
Microsoft Visual Studio Solution File, Format Version 12.00
# Visual Studio 15
VisualStudioVersion = 15.0.27428.2005
MinimumVisualStudioVersion = 10.0.40219.1
Project("{FAE04EC0-301F-11D3-BF4B-00C04F79EFBC}") = "SmallestString", "SmallestString\SmallestString.csproj", "{28FA06DC-A0DF-46B2-9DEB-04BE004122CE}"
EndProject
Global
	GlobalSection(SolutionConfigurationPlatforms) = preSolution
		Debug|Any CPU = Debug|Any CPU
		Release|Any CPU = Release|Any CPU
	EndGlobalSection
	GlobalSection(ProjectConfigurationPlatforms) = postSolution
		{28FA06DC-A0DF-46B2-9DEB-04BE004122CE}.Debug|Any CPU.ActiveCfg = Debug|Any CPU
		{28FA06DC-A0DF-46B2-9DEB-04BE004122CE}.Debug|Any CPU.Build.0 = Debug|Any CPU
		{28FA06DC-A0DF-46B2-9DEB-04BE004122CE}.Release|Any CPU.ActiveCfg = Release|Any CPU
		{28FA06DC-A0DF-46B2-9DEB-04BE004122CE}.Release|Any CPU.Build.0 = Release|Any CPU
	EndGlobalSection
	GlobalSection(SolutionProperties) = preSolution
		HideSolutionNode = FALSE
	EndGlobalSection
	GlobalSection(ExtensibilityGlobals) = postSolution
		SolutionGuid = {74F292BE-6212-4F6B-8D9D-F325B91B7356}
	EndGlobalSection
EndGlobal
